
Microsoft Visual Studio Solution File, Format Version 12.00
# Visual Studio Version 16
VisualStudioVersion = 16.0.30002.166
MinimumVisualStudioVersion = 10.0.40219.1
Project("{FAE04EC0-301F-11D3-BF4B-00C04F79EFBC}") = "MST", "MST\MST.csproj", "{1C49AC43-3AF6-42CC-856C-01D48F24A04A}"
EndProject
Global
	GlobalSection(SolutionConfigurationPlatforms) = preSolution
		Debug|Any CPU = Debug|Any CPU
		Release|Any CPU = Release|Any CPU
	EndGlobalSection
	GlobalSection(ProjectConfigurationPlatforms) = postSolution
		{1C49AC43-3AF6-42CC-856C-01D48F24A04A}.Debug|Any CPU.ActiveCfg = Debug|Any CPU
		{1C49AC43-3AF6-42CC-856C-01D48F24A04A}.Debug|Any CPU.Build.0 = Debug|Any CPU
		{1C49AC43-3AF6-42CC-856C-01D48F24A04A}.Release|Any CPU.ActiveCfg = Release|Any CPU
		{1C49AC43-3AF6-42CC-856C-01D48F24A04A}.Release|Any CPU.Build.0 = Release|Any CPU
	EndGlobalSection
	GlobalSection(SolutionProperties) = preSolution
		HideSolutionNode = FALSE
	EndGlobalSection
	GlobalSection(ExtensibilityGlobals) = postSolution
		SolutionGuid = {3020408F-81CD-4C37-B8C3-A8F5E0B896D5}
	EndGlobalSection
EndGlobal
